
Microsoft Visual Studio Solution File, Format Version 12.00
# Visual Studio Version 17
VisualStudioVersion = 17.2.32630.192
MinimumVisualStudioVersion = 10.0.40219.1
Project("{9A19103F-16F7-4668-BE54-9A1E7A4F7556}") = "Ni", "Ni.csproj", "{27D30C71-1D19-4389-AFF3-3BD1EFFC7A00}"
EndProject
Global
	GlobalSection(SolutionConfigurationPlatforms) = preSolution
		Debug|Any CPU = Debug|Any CPU
		Release|Any CPU = Release|Any CPU
	EndGlobalSection
	GlobalSection(ProjectConfigurationPlatforms) = postSolution
		{27D30C71-1D19-4389-AFF3-3BD1EFFC7A00}.Debug|Any CPU.ActiveCfg = Debug|Any CPU
		{27D30C71-1D19-4389-AFF3-3BD1EFFC7A00}.Debug|Any CPU.Build.0 = Debug|Any CPU
		{27D30C71-1D19-4389-AFF3-3BD1EFFC7A00}.Release|Any CPU.ActiveCfg = Release|Any CPU
		{27D30C71-1D19-4389-AFF3-3BD1EFFC7A00}.Release|Any CPU.Build.0 = Release|Any CPU
	EndGlobalSection
	GlobalSection(SolutionProperties) = preSolution
		HideSolutionNode = FALSE
	EndGlobalSection
	GlobalSection(ExtensibilityGlobals) = postSolution
		SolutionGuid = {07B23D68-5AC9-4686-A9F8-381FBD6DDC43}
	EndGlobalSection
EndGlobal
